// !$*UTF8*$!
{
	archiveVersion = 1;
	classes = {
	};
	objectVersion = 46;
	objects = {

/* Begin PBXBuildFile section */
		97BFB7241C667F960011959D /* AppDelegate.swift in Sources */ = {isa = PBXBuildFile; fileRef = 97BFB7231C667F960011959D /* AppDelegate.swift */; };
		97BFB7261C667F960011959D /* ViewController.swift in Sources */ = {isa = PBXBuildFile; fileRef = 97BFB7251C667F960011959D /* ViewController.swift */; };
		97BFB7291C667F960011959D /* Main.storyboard in Resources */ = {isa = PBXBuildFile; fileRef = 97BFB7271C667F960011959D /* Main.storyboard */; };
		97BFB72B1C667F960011959D /* Images.xcassets in Resources */ = {isa = PBXBuildFile; fileRef = 97BFB72A1C667F960011959D /* Images.xcassets */; };
		97BFB72E1C667F960011959D /* LaunchScreen.xib in Resources */ = {isa = PBXBuildFile; fileRef = 97BFB72C1C667F960011959D /* LaunchScreen.xib */; };
		97BFB73A1C667F960011959D /* NihiListTests.swift in Sources */ = {isa = PBXBuildFile; fileRef = 97BFB7391C667F960011959D /* NihiListTests.swift */; };
/* End PBXBuildFile section */

/* Begin PBXContainerItemProxy section */
		97BFB7341C667F960011959D /* PBXContainerItemProxy */ = {
			isa = PBXContainerItemProxy;
			containerPortal = 97BFB7161C667F960011959D /* Project object */;
			proxyType = 1;
			remoteGlobalIDString = 97BFB71D1C667F960011959D;
			remoteInfo = NihiList;
		};
/* End PBXContainerItemProxy section */

/* Begin PBXFileReference section */
		97BFB71E1C667F960011959D /* NihiList.app */ = {isa = PBXFileReference; explicitFileType = wrapper.application; includeInIndex = 0; path = NihiList.app; sourceTree = BUILT_PRODUCTS_DIR; };
		97BFB7221C667F960011959D /* Info.plist */ = {isa = PBXFileReference; lastKnownFileType = text.plist.xml; path = Info.plist; sourceTree = "<group>"; };
		97BFB7231C667F960011959D /* AppDelegate.swift */ = {isa = PBXFileReference; lastKnownFileType = sourcecode.swift; path = AppDelegate.swift; sourceTree = "<group>"; };
		97BFB7251C667F960011959D /* ViewController.swift */ = {isa = PBXFileReference; lastKnownFileType = sourcecode.swift; path = ViewController.swift; sourceTree = "<group>"; };
		97BFB7281C667F960011959D /* Base */ = {isa = PBXFileReference; lastKnownFileType = file.storyboard; name = Base; path = Base.lproj/Main.storyboard; sourceTree = "<group>"; };
		97BFB72A1C667F960011959D /* Images.xcassets */ = {isa = PBXFileReference; lastKnownFileType = folder.assetcatalog; path = Images.xcassets; sourceTree = "<group>"; };
		97BFB72D1C667F960011959D /* Base */ = {isa = PBXFileReference; lastKnownFileType = file.xib; name = Base; path = Base.lproj/LaunchScreen.xib; sourceTree = "<group>"; };
		97BFB7331C667F960011959D /* NihiListTests.xctest */ = {isa = PBXFileReference; explicitFileType = wrapper.cfbundle; includeInIndex = 0; path = NihiListTests.xctest; sourceTree = BUILT_PRODUCTS_DIR; };
		97BFB7381C667F960011959D /* Info.plist */ = {isa = PBXFileReference; lastKnownFileType = text.plist.xml; path = Info.plist; sourceTree = "<group>"; };
		97BFB7391C667F960011959D /* NihiListTests.swift */ = {isa = PBXFileReference; lastKnownFileType = sourcecode.swift; path = NihiListTests.swift; sourceTree = "<group>"; };
/* End PBXFileReference section */

/* Begin PBXFrameworksBuildPhase section */
		97BFB71B1C667F960011959D /* Frameworks */ = {
			isa = PBXFrameworksBuildPhase;
			buildActionMask = 2147483647;
			files = (
			);
			runOnlyForDeploymentPostprocessing = 0;
		};
		97BFB7301C667F960011959D /* Frameworks */ = {
			isa = PBXFrameworksBuildPhase;
			buildActionMask = 2147483647;
			files = (
			);
			runOnlyForDeploymentPostprocessing = 0;
		};
/* End PBXFrameworksBuildPhase section */

/* Begin PBXGroup section */
		97BFB7151C667F960011959D = {
			isa = PBXGroup;
			children = (
				97BFB7201C667F960011959D /* NihiList */,
				97BFB7361C667F960011959D /* NihiListTests */,
				97BFB71F1C667F960011959D /* Products */,
			);
			sourceTree = "<group>";
		};
		97BFB71F1C667F960011959D /* Products */ = {
			isa = PBXGroup;
			children = (
				97BFB71E1C667F960011959D /* NihiList.app */,
				97BFB7331C667F960011959D /* NihiListTests.xctest */,
			);
			name = Products;
			sourceTree = "<group>";
		};
		97BFB7201C667F960011959D /* NihiList */ = {
			isa = PBXGroup;
			children = (
				97BFB7231C667F960011959D /* AppDelegate.swift */,
				97BFB7251C667F960011959D /* ViewController.swift */,
				97BFB7271C667F960011959D /* Main.storyboard */,
				97BFB72A1C667F960011959D /* Images.xcassets */,
				97BFB72C1C667F960011959D /* LaunchScreen.xib */,
				97BFB7211C667F960011959D /* Supporting Files */,
			);
			path = NihiList;
			sourceTree = "<group>";
		};
		97BFB7211C667F960011959D /* Supporting Files */ = {
			isa = PBXGroup;
			children = (
				97BFB7221C667F960011959D /* Info.plist */,
			);
			name = "Supporting Files";
			sourceTree = "<group>";
		};
		97BFB7361C667F960011959D /* NihiListTests */ = {
			isa = PBXGroup;
			children = (
				97BFB7391C667F960011959D /* NihiListTests.swift */,
				97BFB7371C667F960011959D /* Supporting Files */,
			);
			path = NihiListTests;
			sourceTree = "<group>";
		};
		97BFB7371C667F960011959D /* Supporting Files */ = {
			isa = PBXGroup;
			children = (
				97BFB7381C667F960011959D /* Info.plist */,
			);
			name = "Supporting Files";
			sourceTree = "<group>";
		};
/* End PBXGroup section */

/* Begin PBXNativeTarget section */
		97BFB71D1C667F960011959D /* NihiList */ = {
			isa = PBXNativeTarget;
			buildConfigurationList = 97BFB73D1C667F960011959D /* Build configuration list for PBXNativeTarget "NihiList" */;
			buildPhases = (
				97BFB71A1C667F960011959D /* Sources */,
				97BFB71B1C667F960011959D /* Frameworks */,
				97BFB71C1C667F960011959D /* Resources */,
			);
			buildRules = (
			);
			dependencies = (
			);
			name = NihiList;
			productName = NihiList;
			productReference = 97BFB71E1C667F960011959D /* NihiList.app */;
			productType = "com.apple.product-type.application";
		};
		97BFB7321C667F960011959D /* NihiListTests */ = {
			isa = PBXNativeTarget;
			buildConfigurationList = 97BFB7401C667F960011959D /* Build configuration list for PBXNativeTarget "NihiListTests" */;
			buildPhases = (
				97BFB72F1C667F960011959D /* Sources */,
				97BFB7301C667F960011959D /* Frameworks */,
				97BFB7311C667F960011959D /* Resources */,
			);
			buildRules = (
			);
			dependencies = (
				97BFB7351C667F960011959D /* PBXTargetDependency */,
			);
			name = NihiListTests;
			productName = NihiListTests;
			productReference = 97BFB7331C667F960011959D /* NihiListTests.xctest */;
			productType = "com.apple.product-type.bundle.unit-test";
		};
/* End PBXNativeTarget section */

/* Begin PBXProject section */
		97BFB7161C667F960011959D /* Project object */ = {
			isa = PBXProject;
			attributes = {
				LastUpgradeCheck = 0640;
				ORGANIZATIONNAME = Austec;
				TargetAttributes = {
					97BFB71D1C667F960011959D = {
						CreatedOnToolsVersion = 6.4;
					};
					97BFB7321C667F960011959D = {
						CreatedOnToolsVersion = 6.4;
						TestTargetID = 97BFB71D1C667F960011959D;
					};
				};
			};
			buildConfigurationList = 97BFB7191C667F960011959D /* Build configuration list for PBXProject "NihiList" */;
			compatibilityVersion = "Xcode 3.2";
			developmentRegion = English;
			hasScannedForEncodings = 0;
			knownRegions = (
				en,
				Base,
			);
			mainGroup = 97BFB7151C667F960011959D;
			productRefGroup = 97BFB71F1C667F960011959D /* Products */;
			projectDirPath = "";
			projectRoot = "";
			targets = (
				97BFB71D1C667F960011959D /* NihiList */,
				97BFB7321C667F960011959D /* NihiListTests */,
			);
		};
/* End PBXProject section */

/* Begin PBXResourcesBuildPhase section */
		97BFB71C1C667F960011959D /* Resources */ = {
			isa = PBXResourcesBuildPhase;
			buildActionMask = 2147483647;
			files = (
				97BFB7291C667F960011959D /* Main.storyboard in Resources */,
				97BFB72E1C667F960011959D /* LaunchScreen.xib in Resources */,
				97BFB72B1C667F960011959D /* Images.xcassets in Resources */,
			);
			runOnlyForDeploymentPostprocessing = 0;
		};
		97BFB7311C667F960011959D /* Resources */ = {
			isa = PBXResourcesBuildPhase;
			buildActionMask = 2147483647;
			files = (
			);
			runOnlyForDeploymentPostprocessing = 0;
		};
/* End PBXResourcesBuildPhase section */

/* Begin PBXSourcesBuildPhase section */
		97BFB71A1C667F960011959D /* Sources */ = {
			isa = PBXSourcesBuildPhase;
			buildActionMask = 2147483647;
			files = (
				97BFB7261C667F960011959D /* ViewController.swift in Sources */,
				97BFB7241C667F960011959D /* AppDelegate.swift in Sources */,
			);
			runOnlyForDeploymentPostprocessing = 0;
		};
		97BFB72F1C667F960011959D /* Sources */ = {
			isa = PBXSourcesBuildPhase;
			buildActionMask = 2147483647;
			files = (
				97BFB73A1C667F960011959D /* NihiListTests.swift in Sources */,
			);
			runOnlyForDeploymentPostprocessing = 0;
		};
/* End PBXSourcesBuildPhase section */

/* Begin PBXTargetDependency section */
		97BFB7351C667F960011959D /* PBXTargetDependency */ = {
			isa = PBXTargetDependency;
			target = 97BFB71D1C667F960011959D /* NihiList */;
			targetProxy = 97BFB7341C667F960011959D /* PBXContainerItemProxy */;
		};
/* End PBXTargetDependency section */

/* Begin PBXVariantGroup section */
		97BFB7271C667F960011959D /* Main.storyboard */ = {
			isa = PBXVariantGroup;
			children = (
				97BFB7281C667F960011959D /* Base */,
			);
			name = Main.storyboard;
			sourceTree = "<group>";
		};
		97BFB72C1C667F960011959D /* LaunchScreen.xib */ = {
			isa = PBXVariantGroup;
			children = (
				97BFB72D1C667F960011959D /* Base */,
			);
			name = LaunchScreen.xib;
			sourceTree = "<group>";
		};
/* End PBXVariantGroup section */

/* Begin XCBuildConfiguration section */
		97BFB73B1C667F960011959D /* Debug */ = {
			isa = XCBuildConfiguration;
			buildSettings = {
				ALWAYS_SEARCH_USER_PATHS = NO;
				CLANG_CXX_LANGUAGE_STANDARD = "gnu++0x";
				CLANG_CXX_LIBRARY = "libc++";
				CLANG_ENABLE_MODULES = YES;
				CLANG_ENABLE_OBJC_ARC = YES;
				CLANG_WARN_BOOL_CONVERSION = YES;
				CLANG_WARN_CONSTANT_CONVERSION = YES;
				CLANG_WARN_DIRECT_OBJC_ISA_USAGE = YES_ERROR;
				CLANG_WARN_EMPTY_BODY = YES;
				CLANG_WARN_ENUM_CONVERSION = YES;
				CLANG_WARN_INT_CONVERSION = YES;
				CLANG_WARN_OBJC_ROOT_CLASS = YES_ERROR;
				CLANG_WARN_UNREACHABLE_CODE = YES;
				CLANG_WARN__DUPLICATE_METHOD_MATCH = YES;
				"CODE_SIGN_IDENTITY[sdk=iphoneos*]" = "iPhone Developer";
				COPY_PHASE_STRIP = NO;
				DEBUG_INFORMATION_FORMAT = "dwarf-with-dsym";
				ENABLE_STRICT_OBJC_MSGSEND = YES;
				GCC_C_LANGUAGE_STANDARD = gnu99;
				GCC_DYNAMIC_NO_PIC = NO;
				GCC_NO_COMMON_BLOCKS = YES;
				GCC_OPTIMIZATION_LEVEL = 0;
				GCC_PREPROCESSOR_DEFINITIONS = (
					"DEBUG=1",
					"$(inherited)",
				);
				GCC_SYMBOLS_PRIVATE_EXTERN = NO;
				GCC_WARN_64_TO_32_BIT_CONVERSION = YES;
				GCC_WARN_ABOUT_RETURN_TYPE = YES_ERROR;
				GCC_WARN_UNDECLARED_SELECTOR = YES;
				GCC_WARN_UNINITIALIZED_AUTOS = YES_AGGRESSIVE;
				GCC_WARN_UNUSED_FUNCTION = YES;
				GCC_WARN_UNUSED_VARIABLE = YES;
				IPHONEOS_DEPLOYMENT_TARGET = 8.4;
				MTL_ENABLE_DEBUG_INFO = YES;
				ONLY_ACTIVE_ARCH = YES;
				SDKROOT = iphoneos;
				SWIFT_OPTIMIZATION_LEVEL = "-Onone";
				TARGETED_DEVICE_FAMILY = "1,2";
			};
			name = Debug;
		};
		97BFB73C1C667F960011959D /* Release */ = {
			isa = XCBuildConfiguration;
			buildSettings = {
				ALWAYS_SEARCH_USER_PATHS = NO;
				CLANG_CXX_LANGUAGE_STANDARD = "gnu++0x";
				CLANG_CXX_LIBRARY = "libc++";
				CLANG_ENABLE_MODULES = YES;
				CLANG_ENABLE_OBJC_ARC = YES;
				CLANG_WARN_BOOL_CONVERSION = YES;
				CLANG_WARN_CONSTANT_CONVERSION = YES;
				CLANG_WARN_DIRECT_OBJC_ISA_USAGE = YES_ERROR;
				CLANG_WARN_EMPTY_BODY = YES;
				CLANG_WARN_ENUM_CONVERSION = YES;
				CLANG_WARN_INT_CONVERSION = YES;
				CLANG_WARN_OBJC_ROOT_CLASS = YES_ERROR;
				CLANG_WARN_UNREACHABLE_CODE = YES;
				CLANG_WARN__DUPLICATE_METHOD_MATCH = YES;
				"CODE_SIGN_IDENTITY[sdk=iphoneos*]" = "iPhone Developer";
				COPY_PHASE_STRIP = NO;
				DEBUG_INFORMATION_FORMAT = "dwarf-with-dsym";
				ENABLE_NS_ASSERTIONS = NO;
				ENABLE_STRICT_OBJC_MSGSEND = YES;
				GCC_C_LANGUAGE_STANDARD = gnu99;
				GCC_NO_COMMON_BLOCKS = YES;
				GCC_WARN_64_TO_32_BIT_CONVERSION = YES;
				GCC_WARN_ABOUT_RETURN_TYPE = YES_ERROR;
				GCC_WARN_UNDECLARED_SELECTOR = YES;
				GCC_WARN_UNINITIALIZED_AUTOS = YES_AGGRESSIVE;
				GCC_WARN_UNUSED_FUNCTION = YES;
				GCC_WARN_UNUSED_VARIABLE = YES;
				IPHONEOS_DEPLOYMENT_TARGET = 8.4;
				MTL_ENABLE_DEBUG_INFO = NO;
				SDKROOT = iphoneos;
				TARGETED_DEVICE_FAMILY = "1,2";
				VALIDATE_PRODUCT = YES;
			};
			name = Release;
		};
		97BFB73E1C667F960011959D /* Debug */ = {
			isa = XCBuildConfiguration;
			buildSettings = {
				ASSETCATALOG_COMPILER_APPICON_NAME = AppIcon;
				INFOPLIST_FILE = NihiList/Info.plist;
				LD_RUNPATH_SEARCH_PATHS = "$(inherited) @executable_path/Frameworks";
				PRODUCT_NAME = "$(TARGET_NAME)";
			};
			name = Debug;
		};
		97BFB73F1C667F960011959D /* Release */ = {
			isa = XCBuildConfiguration;
			buildSettings = {
				ASSETCATALOG_COMPILER_APPICON_NAME = AppIcon;
				INFOPLIST_FILE = NihiList/Info.plist;
				LD_RUNPATH_SEARCH_PATHS = "$(inherited) @executable_path/Frameworks";
				PRODUCT_NAME = "$(TARGET_NAME)";
			};
			name = Release;
		};
		97BFB7411C667F960011959D /* Debug */ = {
			isa = XCBuildConfiguration;
			buildSettings = {
				BUNDLE_LOADER = "$(TEST_HOST)";
				FRAMEWORK_SEARCH_PATHS = (
					"$(SDKROOT)/Developer/Library/Frameworks",
					"$(inherited)",
				);
				GCC_PREPROCESSOR_DEFINITIONS = (
					"DEBUG=1",
					"$(inherited)",
				);
				INFOPLIST_FILE = NihiListTests/Info.plist;
				LD_RUNPATH_SEARCH_PATHS = "$(inherited) @executable_path/Frameworks @loader_path/Frameworks";
				PRODUCT_NAME = "$(TARGET_NAME)";
				TEST_HOST = "$(BUILT_PRODUCTS_DIR)/NihiList.app/NihiList";
			};
			name = Debug;
		};
		97BFB7421C667F960011959D /* Release */ = {
			isa = XCBuildConfiguration;
			buildSettings = {
				BUNDLE_LOADER = "$(TEST_HOST)";
				FRAMEWORK_SEARCH_PATHS = (
					"$(SDKROOT)/Developer/Library/Frameworks",
					"$(inherited)",
				);
				INFOPLIST_FILE = NihiListTests/Info.plist;
				LD_RUNPATH_SEARCH_PATHS = "$(inherited) @executable_path/Frameworks @loader_path/Frameworks";
				PRODUCT_NAME = "$(TARGET_NAME)";
				TEST_HOST = "$(BUILT_PRODUCTS_DIR)/NihiList.app/NihiList";
			};
			name = Release;
		};
/* End XCBuildConfiguration section */

/* Begin XCConfigurationList section */
		97BFB7191C667F960011959D /* Build configuration list for PBXProject "NihiList" */ = {
			isa = XCConfigurationList;
			buildConfigurations = (
				97BFB73B1C667F960011959D /* Debug */,
				97BFB73C1C667F960011959D /* Release */,
			);
			defaultConfigurationIsVisible = 0;
			defaultConfigurationName = Release;
		};
		97BFB73D1C667F960011959D /* Build configuration list for PBXNativeTarget "NihiList" */ = {
			isa = XCConfigurationList;
			buildConfigurations = (
				97BFB73E1C667F960011959D /* Debug */,
				97BFB73F1C667F960011959D /* Release */,
			);
			defaultConfigurationIsVisible = 0;
		};
		97BFB7401C667F960011959D /* Build configuration list for PBXNativeTarget "NihiListTests" */ = {
			isa = XCConfigurationList;
			buildConfigurations = (
				97BFB7411C667F960011959D /* Debug */,
				97BFB7421C667F960011959D /* Release */,
			);
			defaultConfigurationIsVisible = 0;
		};
/* End XCConfigurationList section */
	};
	rootObject = 97BFB7161C667F960011959D /* Project object */;
}
